
Microsoft Visual Studio Solution File, Format Version 12.00
# Visual Studio 15
VisualStudioVersion = 15.0.26730.16
MinimumVisualStudioVersion = 10.0.40219.1
Project("{FAE04EC0-301F-11D3-BF4B-00C04F79EFBC}") = "Sounds-Packing", "Sounds-Packing.csproj", "{BD1EB520-FAB0-4E5F-A24C-B31053A47C3A}"
EndProject
Global
	GlobalSection(SolutionConfigurationPlatforms) = preSolution
		Debug|Any CPU = Debug|Any CPU
		Release|Any CPU = Release|Any CPU
	EndGlobalSection
	GlobalSection(ProjectConfigurationPlatforms) = postSolution
		{BD1EB520-FAB0-4E5F-A24C-B31053A47C3A}.Debug|Any CPU.ActiveCfg = Debug|Any CPU
		{BD1EB520-FAB0-4E5F-A24C-B31053A47C3A}.Debug|Any CPU.Build.0 = Debug|Any CPU
		{BD1EB520-FAB0-4E5F-A24C-B31053A47C3A}.Release|Any CPU.ActiveCfg = Release|Any CPU
		{BD1EB520-FAB0-4E5F-A24C-B31053A47C3A}.Release|Any CPU.Build.0 = Release|Any CPU
	EndGlobalSection
	GlobalSection(SolutionProperties) = preSolution
		HideSolutionNode = FALSE
	EndGlobalSection
	GlobalSection(ExtensibilityGlobals) = postSolution
		SolutionGuid = {78B6FA59-3786-4D97-8016-F209948869C3}
	EndGlobalSection
EndGlobal
